PODS:
  - ActionSheetPicker-3.0 (1.7.1)
  - ADTransitionController (1.1.1)
  - AFNetworking (2.6.0):
    - AFNetworking/NSURLConnection (= 2.6.0)
    - AFNetworking/NSURLSession (= 2.6.0)
    - AFNetworking/Reachability (= 2.6.0)
    - AFNetworking/Security (= 2.6.0)
    - AFNetworking/Serialization (= 2.6.0)
    - AFNetworking/UIKit (= 2.6.0)
  - AFNetworking/NSURLConnection (2.6.0):
    - AFNetworking/Reachability
    - AFNetworking/Security
    - AFNetworking/Serialization
  - AFNetworking/NSURLSession (2.6.0):
    - AFNetworking/Reachability
    - AFNetworking/Security
    - AFNetworking/Serialization
  - AFNetworking/Reachability (2.6.0)
  - AFNetworking/Security (2.6.0)
  - AFNetworking/Serialization (2.6.0)
  - AFNetworking/UIKit (2.6.0):
    - AFNetworking/NSURLConnection
    - AFNetworking/NSURLSession
  - AviarySDK (4.2.1)
  - BkTask (0.9.1)
  - BOString (0.0.9)
  - CLLocationManager-blocks (1.3.2)
  - GoogleMaps (1.10.1)
  - HexColors (2.2.1)
  - HMSegmentedControl (1.5.2)
  - IQKeyboardManager (3.2.4)
  - JSONModel (1.1.0)
  - LPGoogleFunctions (1.2.3):
    - AFNetworking (~> 2.0)
  - MGSwipeTableCell (1.5.1)
  - pop (1.0.7)
  - SBJson (4.0.2)
  - SDWebImage (3.7.3):
    - SDWebImage/Core (= 3.7.3)
  - SDWebImage/Core (3.7.3)
  - SVPullToRefresh (0.4.1)
  - TSMessages (0.9.12):
    - HexColors (~> 2.2.0)
  - UITextView+Placeholder (1.1.0)

DEPENDENCIES:
  - ActionSheetPicker-3.0 (~> 1.7.1)
  - ADTransitionController
  - AviarySDK (= 4.2.1)
  - BkTask
  - BOString
  - CLLocationManager-blocks
  - GoogleMaps
  - HMSegmentedControl
  - IQKeyboardManager
  - JSONModel
  - LPGoogleFunctions
  - MGSwipeTableCell
  - pop (~> 1.0)
  - SBJson (~> 4.0.1)
  - SDWebImage
  - SVPullToRefresh
  - TSMessages
  - UITextView+Placeholder

SPEC CHECKSUMS:
  ActionSheetPicker-3.0: 28a795c376f9d76850cb56eaf7dd5cf9a9088223
  ADTransitionController: 72299d31488bcbe59fb87c483a89a637ebc819f8
  AFNetworking: 79f7eb1a0fcfa7beb409332b2ca49afe9ce53b05
  AviarySDK: 23243fa982179c0084670c46cdd23a13c2ec2969
  BkTask: 8dd51efee729f637e4b11337f32dc52c97646a91
  BOString: c896f83b514996bbe874c0a3afd61f4c6764e0ed
  CLLocationManager-blocks: 3b0af033092491fcd3cd24ffddfeb13f65e52144
  GoogleMaps: ebf08677f181d9c2dcdbd1721d206f02beccc9b1
  HexColors: abfd172e329dab59888614ccba6f216cec59289d
  HMSegmentedControl: 83b9686022d2176fb6457d2bdb61e5d6393fed7d
  IQKeyboardManager: 555b1231fefafb21b19278d7cca72986a27b748b
  JSONModel: ec77e9865236a7a09d9cf7668df6b4b328d9ec1d
  LPGoogleFunctions: c78171de55b164e8e5dbf6b4bba477980771211a
  MGSwipeTableCell: a51fa670c01f0aa048f12af040acebf315223137
  pop: 628ffc631644601567ee8bfaaaea493ebd7d0923
  SBJson: c18691cc18375b14664ff0fec841f8c4faef1934
  SDWebImage: 1d2b1a1efda1ade1b00b6f8498865f8ddedc8a84
  SVPullToRefresh: ba2e718695a43253d8bea6852d2960097dc15d8c
  TSMessages: c8cc7b80f2a833af533872cd02010cac061532cc
  UITextView+Placeholder: 672ce543356b5b5787f354415bc3b132d47f0362

COCOAPODS: 0.38.2
