PODS:
  - A3ParallaxScrollView (1.0.2)
  - ActionSheetPicker-3.0 (1.7.2)
  - ADTransitionController (1.1.1)
  - AFNetworking (2.6.3):
    - AFNetworking/NSURLConnection (= 2.6.3)
    - AFNetworking/NSURLSession (= 2.6.3)
    - AFNetworking/Reachability (= 2.6.3)
    - AFNetworking/Security (= 2.6.3)
    - AFNetworking/Serialization (= 2.6.3)
    - AFNetworking/UIKit (= 2.6.3)
  - AFNetworking/NSURLConnection (2.6.3):
    - AFNetworking/Reachability
    - AFNetworking/Security
    - AFNetworking/Serialization
  - AFNetworking/NSURLSession (2.6.3):
    - AFNetworking/Reachability
    - AFNetworking/Security
    - AFNetworking/Serialization
  - AFNetworking/Reachability (2.6.3)
  - AFNetworking/Security (2.6.3)
  - AFNetworking/Serialization (2.6.3)
  - AFNetworking/UIKit (2.6.3):
    - AFNetworking/NSURLConnection
    - AFNetworking/NSURLSession
  - APParallaxHeader (0.1.6)
  - BOString (0.10.0)
  - CLLocationManager-blocks (1.3.3)
  - Crashlytics (3.7.0):
    - Fabric (~> 1.6.3)
  - DACircularProgress (2.3.1)
  - DBCamera (2.4.1):
    - GPUImage (~> 0.1)
  - Fabric (1.6.7)
  - GoogleMaps (1.12.3)
  - GPUImage (0.1.7)
  - HexColors (2.3.0)
  - HMSegmentedControl (1.5.2)
  - IDMPhotoBrowser (1.8.2):
    - DACircularProgress
    - pop
    - SDWebImage
  - InstagramKit (3.7):
    - AFNetworking (~> 2.0)
    - InstagramKit/Exclude-UICKeyChainStore (= 3.7)
  - InstagramKit/Exclude-UICKeyChainStore (3.7):
    - AFNetworking (~> 2.0)
  - iOSBlocks/Cocoa (1.2):
    - iOSBlocks/CoreLocation
    - iOSBlocks/Foundation
    - iOSBlocks/MessageUI
    - iOSBlocks/UIKit
  - iOSBlocks/CoreLocation (1.2)
  - iOSBlocks/Foundation (1.2)
  - iOSBlocks/MessageUI (1.2)
  - iOSBlocks/UIKit (1.2)
  - IQKeyboardManager (4.0.0)
  - JSONModel (1.2.0)
  - LPGoogleFunctions (1.2.3):
    - AFNetworking (~> 2.0)
  - MGInstagram (0.1.0)
  - MGSwipeTableCell (1.5.3)
  - MMPickerView (0.0.1)
  - MZAppearance (1.1.6)
  - NSDate-Time-Ago (1.0.1)
  - pop (1.0.9)
  - PureLayout (3.0.1)
  - SDWebImage (3.7.5):
    - SDWebImage/Core (= 3.7.5)
  - SDWebImage/Core (3.7.5)
  - STPopup (1.6.1)
  - SVPullToRefresh (0.4.1)
  - TSMessages (0.9.13):
    - HexColors (~> 2.3.0)
  - TTTAttributedLabel (1.13.4)
  - UITextView+Placeholder (1.1.1)
  - ViewMonitor (1.0.9)
  - YLGIFImage (0.11)

DEPENDENCIES:
  - A3ParallaxScrollView (~> 1.0)
  - ActionSheetPicker-3.0 (~> 1.7.1)
  - ADTransitionController
  - APParallaxHeader
  - BOString
  - CLLocationManager-blocks
  - Crashlytics
  - DBCamera (~> 2.4)
  - Fabric
  - GoogleMaps
  - HMSegmentedControl
  - IDMPhotoBrowser
  - InstagramKit (~> 3.0)
  - iOSBlocks/Cocoa
  - IQKeyboardManager
  - JSONModel
  - LPGoogleFunctions
  - MGInstagram
  - MGSwipeTableCell
  - MMPickerView (~> 0.0.1)
  - MZAppearance
  - NSDate-Time-Ago
  - PureLayout
  - SDWebImage
  - STPopup
  - SVPullToRefresh
  - TSMessages (from `https://github.com/KrauseFx/TSMessages.git`)
  - TTTAttributedLabel
  - UITextView+Placeholder
  - ViewMonitor
  - YLGIFImage

EXTERNAL SOURCES:
  TSMessages:
    :git: https://github.com/KrauseFx/TSMessages.git

CHECKOUT OPTIONS:
  TSMessages:
    :commit: e63f23304f781dcadbac31e6d338f3105fb3cd78
    :git: https://github.com/KrauseFx/TSMessages.git

SPEC CHECKSUMS:
  A3ParallaxScrollView: 1d16dc1881721642d5f25e320cabe7adcc997035
  ActionSheetPicker-3.0: c5bdca19fd8b3d798f0c79892cbab6f11a8523ae
  ADTransitionController: 72299d31488bcbe59fb87c483a89a637ebc819f8
  AFNetworking: cb8d14a848e831097108418f5d49217339d4eb60
  APParallaxHeader: 854bc48a2487ca12c702f8a236fec0d89cdac5c3
  BOString: b4c4df4f8a7f046c42a51c32629772dc2701fc47
  CLLocationManager-blocks: ae34b44992b3d26de10d27d51043a123444efb1b
  Crashlytics: c3a2333dea9e2733d2777f730910321fc9e25c0d
  DACircularProgress: 4dd437c0fc3da5161cb289e07ac449493d41db71
  DBCamera: 7a4343a541e1264610f9f33176552b93170a843e
  Fabric: caf7580c725e64db144f610ac65cd60956911dc7
  GoogleMaps: a4ac67918d0b5ba5f6b9893ac80487e357779e6c
  GPUImage: 733a5f0fab92df9de1c37ba9df520a833ccb406d
  HexColors: 6ad3947c3447a055a3aa8efa859def096351fe5f
  HMSegmentedControl: 83b9686022d2176fb6457d2bdb61e5d6393fed7d
  IDMPhotoBrowser: 52ac15203a73da002a7501ac7c6651a4cd761b4e
  InstagramKit: bbbd15baeac2d32b2915d2d89319ad90bacd5912
  iOSBlocks: a52cab17a30314e91b2c85ea4c65f84d19826676
  IQKeyboardManager: b91928f7927ba55a5829b4dcf4b7a6736ac9fc22
  JSONModel: 12523685c4b623553ccf844bbbf7007624317b2c
  LPGoogleFunctions: c78171de55b164e8e5dbf6b4bba477980771211a
  MGInstagram: c85a061e25b053ad1cb1227675e238ce6cc50221
  MGSwipeTableCell: 5ae3b9a15efda26b201adc8676b24040febe6ff6
  MMPickerView: 6ba6bd5d0ef1fd60372d3f5e4fa80ad4237a86a0
  MZAppearance: 0c06d3fa9cc55142f1da14bc8631fbe8fd6e19d5
  NSDate-Time-Ago: e9de167d0659ebe465c273e833e7b582f061fc41
  pop: f667631a5108a2e60d9e8797c9b32ddaf2080bce
  PureLayout: f35f5384c9c4e4479df041dbe33ad7577b71ddfb
  SDWebImage: 69c6303e3348fba97e03f65d65d4fbc26740f461
  STPopup: f32dc6a944b57311b6d2d6e3afd789f83a0c4cbc
  SVPullToRefresh: ba2e718695a43253d8bea6852d2960097dc15d8c
  TSMessages: 6e403b790139636c15ab4f51946537095e03e79c
  TTTAttributedLabel: 0a2ac7b2dd726d32a070dafb01446026b11e624f
  UITextView+Placeholder: a6fc3e0378f3870036ec562a7537cbf6dbae4bf6
  ViewMonitor: 3bf94bdead583c7ed08fdab9212fe08661173477
  YLGIFImage: c0ae132fe80e5282b2762a97d14e23ba71a748ae

COCOAPODS: 0.39.0
